// !$*UTF8*$!
{
	archiveVersion = 1;
	classes = {
	};
	objectVersion = 50;
	objects = {

/* Begin PBXBuildFile section */
		39E3A881226E233B00C13070 /* AppDelegate.swift in Sources */ = {isa = PBXBuildFile; fileRef = 39E3A880226E233B00C13070 /* AppDelegate.swift */; };
		39E3A886226E233B00C13070 /* Main.storyboard in Resources */ = {isa = PBXBuildFile; fileRef = 39E3A884226E233B00C13070 /* Main.storyboard */; };
		39E3A888226E233C00C13070 /* Assets.xcassets in Resources */ = {isa = PBXBuildFile; fileRef = 39E3A887226E233C00C13070 /* Assets.xcassets */; };
		39E3A88B226E233C00C13070 /* LaunchScreen.storyboard in Resources */ = {isa = PBXBuildFile; fileRef = 39E3A889226E233C00C13070 /* LaunchScreen.storyboard */; };
		39E3A893226E31D900C13070 /* MapView.storyboard in Resources */ = {isa = PBXBuildFile; fileRef = 39E3A892226E31D900C13070 /* MapView.storyboard */; };
		39E3A895226E327F00C13070 /* PlacesTable.storyboard in Resources */ = {isa = PBXBuildFile; fileRef = 39E3A894226E327F00C13070 /* PlacesTable.storyboard */; };
		39E3A897226E3E0B00C13070 /* CreatePlaceViewController.swift in Sources */ = {isa = PBXBuildFile; fileRef = 39E3A896226E3E0B00C13070 /* CreatePlaceViewController.swift */; };
		39E3A899226E3E8D00C13070 /* VisitedPlacesViewController.swift in Sources */ = {isa = PBXBuildFile; fileRef = 39E3A898226E3E8D00C13070 /* VisitedPlacesViewController.swift */; };
		39E3A89B226E3EC100C13070 /* PlacesTabBarViewController.swift in Sources */ = {isa = PBXBuildFile; fileRef = 39E3A89A226E3EC100C13070 /* PlacesTabBarViewController.swift */; };
		39E3A89D226E3F0B00C13070 /* MapViewController.swift in Sources */ = {isa = PBXBuildFile; fileRef = 39E3A89C226E3F0B00C13070 /* MapViewController.swift */; };
		39E3A89F226E3F2000C13070 /* PlacesTableViewController.swift in Sources */ = {isa = PBXBuildFile; fileRef = 39E3A89E226E3F2000C13070 /* PlacesTableViewController.swift */; };
		39E3A8A4226E41E200C13070 /* Place.swift in Sources */ = {isa = PBXBuildFile; fileRef = 39E3A8A3226E41E200C13070 /* Place.swift */; };
		39E3A8A6226E43A800C13070 /* PlaceController.swift in Sources */ = {isa = PBXBuildFile; fileRef = 39E3A8A5226E43A800C13070 /* PlaceController.swift */; };
		39E3A8A8226E452200C13070 /* PlacesPresenter.swift in Sources */ = {isa = PBXBuildFile; fileRef = 39E3A8A7226E452200C13070 /* PlacesPresenter.swift */; };
/* End PBXBuildFile section */

/* Begin PBXFileReference section */
		39E3A87D226E233B00C13070 /* Places.app */ = {isa = PBXFileReference; explicitFileType = wrapper.application; includeInIndex = 0; path = Places.app; sourceTree = BUILT_PRODUCTS_DIR; };
		39E3A880226E233B00C13070 /* AppDelegate.swift */ = {isa = PBXFileReference; lastKnownFileType = sourcecode.swift; path = AppDelegate.swift; sourceTree = "<group>"; };
		39E3A885226E233B00C13070 /* Base */ = {isa = PBXFileReference; lastKnownFileType = file.storyboard; name = Base; path = Base.lproj/Main.storyboard; sourceTree = "<group>"; };
		39E3A887226E233C00C13070 /* Assets.xcassets */ = {isa = PBXFileReference; lastKnownFileType = folder.assetcatalog; path = Assets.xcassets; sourceTree = "<group>"; };
		39E3A88A226E233C00C13070 /* Base */ = {isa = PBXFileReference; lastKnownFileType = file.storyboard; name = Base; path = Base.lproj/LaunchScreen.storyboard; sourceTree = "<group>"; };
		39E3A88C226E233C00C13070 /* Info.plist */ = {isa = PBXFileReference; lastKnownFileType = text.plist.xml; path = Info.plist; sourceTree = "<group>"; };
		39E3A892226E31D900C13070 /* MapView.storyboard */ = {isa = PBXFileReference; lastKnownFileType = file.storyboard; path = MapView.storyboard; sourceTree = "<group>"; };
		39E3A894226E327F00C13070 /* PlacesTable.storyboard */ = {isa = PBXFileReference; lastKnownFileType = file.storyboard; path = PlacesTable.storyboard; sourceTree = "<group>"; };
		39E3A896226E3E0B00C13070 /* CreatePlaceViewController.swift */ = {isa = PBXFileReference; lastKnownFileType = sourcecode.swift; path = CreatePlaceViewController.swift; sourceTree = "<group>"; };
		39E3A898226E3E8D00C13070 /* VisitedPlacesViewController.swift */ = {isa = PBXFileReference; lastKnownFileType = sourcecode.swift; path = VisitedPlacesViewController.swift; sourceTree = "<group>"; };
		39E3A89A226E3EC100C13070 /* PlacesTabBarViewController.swift */ = {isa = PBXFileReference; lastKnownFileType = sourcecode.swift; path = PlacesTabBarViewController.swift; sourceTree = "<group>"; };
		39E3A89C226E3F0B00C13070 /* MapViewController.swift */ = {isa = PBXFileReference; lastKnownFileType = sourcecode.swift; path = MapViewController.swift; sourceTree = "<group>"; };
		39E3A89E226E3F2000C13070 /* PlacesTableViewController.swift */ = {isa = PBXFileReference; lastKnownFileType = sourcecode.swift; path = PlacesTableViewController.swift; sourceTree = "<group>"; };
		39E3A8A3226E41E200C13070 /* Place.swift */ = {isa = PBXFileReference; lastKnownFileType = sourcecode.swift; path = Place.swift; sourceTree = "<group>"; };
		39E3A8A5226E43A800C13070 /* PlaceController.swift */ = {isa = PBXFileReference; lastKnownFileType = sourcecode.swift; path = PlaceController.swift; sourceTree = "<group>"; };
		39E3A8A7226E452200C13070 /* PlacesPresenter.swift */ = {isa = PBXFileReference; lastKnownFileType = sourcecode.swift; path = PlacesPresenter.swift; sourceTree = "<group>"; };
/* End PBXFileReference section */

/* Begin PBXFrameworksBuildPhase section */
		39E3A87A226E233B00C13070 /* Frameworks */ = {
			isa = PBXFrameworksBuildPhase;
			buildActionMask = 2147483647;
			files = (
			);
			runOnlyForDeploymentPostprocessing = 0;
		};
/* End PBXFrameworksBuildPhase section */

/* Begin PBXGroup section */
		39E3A874226E233B00C13070 = {
			isa = PBXGroup;
			children = (
				39E3A87F226E233B00C13070 /* Places */,
				39E3A87E226E233B00C13070 /* Products */,
			);
			sourceTree = "<group>";
		};
		39E3A87E226E233B00C13070 /* Products */ = {
			isa = PBXGroup;
			children = (
				39E3A87D226E233B00C13070 /* Places.app */,
			);
			name = Products;
			sourceTree = "<group>";
		};
		39E3A87F226E233B00C13070 /* Places */ = {
			isa = PBXGroup;
			children = (
				39E3A8A9226E569000C13070 /* Places */,
				39E3A8A1226E3FA200C13070 /* Storyboards */,
				39E3A8A0226E3F9300C13070 /* View Controllers */,
				39E3A8A2226E3FAE00C13070 /* Resources */,
			);
			path = Places;
			sourceTree = "<group>";
		};
		39E3A8A0226E3F9300C13070 /* View Controllers */ = {
			isa = PBXGroup;
			children = (
				39E3A896226E3E0B00C13070 /* CreatePlaceViewController.swift */,
				39E3A898226E3E8D00C13070 /* VisitedPlacesViewController.swift */,
				39E3A89A226E3EC100C13070 /* PlacesTabBarViewController.swift */,
				39E3A89C226E3F0B00C13070 /* MapViewController.swift */,
				39E3A89E226E3F2000C13070 /* PlacesTableViewController.swift */,
			);
			path = "View Controllers";
			sourceTree = "<group>";
		};
		39E3A8A1226E3FA200C13070 /* Storyboards */ = {
			isa = PBXGroup;
			children = (
				39E3A884226E233B00C13070 /* Main.storyboard */,
				39E3A892226E31D900C13070 /* MapView.storyboard */,
				39E3A894226E327F00C13070 /* PlacesTable.storyboard */,
				39E3A889226E233C00C13070 /* LaunchScreen.storyboard */,
			);
			path = Storyboards;
			sourceTree = "<group>";
		};
		39E3A8A2226E3FAE00C13070 /* Resources */ = {
			isa = PBXGroup;
			children = (
				39E3A887226E233C00C13070 /* Assets.xcassets */,
				39E3A88C226E233C00C13070 /* Info.plist */,
			);
			path = Resources;
			sourceTree = "<group>";
		};
		39E3A8A9226E569000C13070 /* Places */ = {
			isa = PBXGroup;
			children = (
				39E3A880226E233B00C13070 /* AppDelegate.swift */,
				39E3A8A3226E41E200C13070 /* Place.swift */,
				39E3A8A5226E43A800C13070 /* PlaceController.swift */,
				39E3A8A7226E452200C13070 /* PlacesPresenter.swift */,
			);
			path = Places;
			sourceTree = "<group>";
		};
/* End PBXGroup section */

/* Begin PBXNativeTarget section */
		39E3A87C226E233B00C13070 /* Places */ = {
			isa = PBXNativeTarget;
			buildConfigurationList = 39E3A88F226E233C00C13070 /* Build configuration list for PBXNativeTarget "Places" */;
			buildPhases = (
				39E3A879226E233B00C13070 /* Sources */,
				39E3A87A226E233B00C13070 /* Frameworks */,
				39E3A87B226E233B00C13070 /* Resources */,
			);
			buildRules = (
			);
			dependencies = (
			);
			name = Places;
			productName = Places;
			productReference = 39E3A87D226E233B00C13070 /* Places.app */;
			productType = "com.apple.product-type.application";
		};
/* End PBXNativeTarget section */

/* Begin PBXProject section */
		39E3A875226E233B00C13070 /* Project object */ = {
			isa = PBXProject;
			attributes = {
				LastSwiftUpdateCheck = 1020;
				LastUpgradeCheck = 1020;
				ORGANIZATIONNAME = "Moses Robinson";
				TargetAttributes = {
					39E3A87C226E233B00C13070 = {
						CreatedOnToolsVersion = 10.2.1;
					};
				};
			};
			buildConfigurationList = 39E3A878226E233B00C13070 /* Build configuration list for PBXProject "Places" */;
			compatibilityVersion = "Xcode 9.3";
			developmentRegion = en;
			hasScannedForEncodings = 0;
			knownRegions = (
				en,
				Base,
			);
			mainGroup = 39E3A874226E233B00C13070;
			productRefGroup = 39E3A87E226E233B00C13070 /* Products */;
			projectDirPath = "";
			projectRoot = "";
			targets = (
				39E3A87C226E233B00C13070 /* Places */,
			);
		};
/* End PBXProject section */

/* Begin PBXResourcesBuildPhase section */
		39E3A87B226E233B00C13070 /* Resources */ = {
			isa = PBXResourcesBuildPhase;
			buildActionMask = 2147483647;
			files = (
				39E3A88B226E233C00C13070 /* LaunchScreen.storyboard in Resources */,
				39E3A895226E327F00C13070 /* PlacesTable.storyboard in Resources */,
				39E3A888226E233C00C13070 /* Assets.xcassets in Resources */,
				39E3A893226E31D900C13070 /* MapView.storyboard in Resources */,
				39E3A886226E233B00C13070 /* Main.storyboard in Resources */,
			);
			runOnlyForDeploymentPostprocessing = 0;
		};
/* End PBXResourcesBuildPhase section */

/* Begin PBXSourcesBuildPhase section */
		39E3A879226E233B00C13070 /* Sources */ = {
			isa = PBXSourcesBuildPhase;
			buildActionMask = 2147483647;
			files = (
				39E3A89B226E3EC100C13070 /* PlacesTabBarViewController.swift in Sources */,
				39E3A8A8226E452200C13070 /* PlacesPresenter.swift in Sources */,
				39E3A8A6226E43A800C13070 /* PlaceController.swift in Sources */,
				39E3A897226E3E0B00C13070 /* CreatePlaceViewController.swift in Sources */,
				39E3A899226E3E8D00C13070 /* VisitedPlacesViewController.swift in Sources */,
				39E3A89D226E3F0B00C13070 /* MapViewController.swift in Sources */,
				39E3A881226E233B00C13070 /* AppDelegate.swift in Sources */,
				39E3A8A4226E41E200C13070 /* Place.swift in Sources */,
				39E3A89F226E3F2000C13070 /* PlacesTableViewController.swift in Sources */,
			);
			runOnlyForDeploymentPostprocessing = 0;
		};
/* End PBXSourcesBuildPhase section */

/* Begin PBXVariantGroup section */
		39E3A884226E233B00C13070 /* Main.storyboard */ = {
			isa = PBXVariantGroup;
			children = (
				39E3A885226E233B00C13070 /* Base */,
			);
			name = Main.storyboard;
			sourceTree = "<group>";
		};
		39E3A889226E233C00C13070 /* LaunchScreen.storyboard */ = {
			isa = PBXVariantGroup;
			children = (
				39E3A88A226E233C00C13070 /* Base */,
			);
			name = LaunchScreen.storyboard;
			sourceTree = "<group>";
		};
/* End PBXVariantGroup section */

/* Begin XCBuildConfiguration section */
		39E3A88D226E233C00C13070 /* Debug */ = {
			isa = XCBuildConfiguration;
			buildSettings = {
				ALWAYS_SEARCH_USER_PATHS = NO;
				CLANG_ANALYZER_NONNULL = YES;
				CLANG_ANALYZER_NUMBER_OBJECT_CONVERSION = YES_AGGRESSIVE;
				CLANG_CXX_LANGUAGE_STANDARD = "gnu++14";
				CLANG_CXX_LIBRARY = "libc++";
				CLANG_ENABLE_MODULES = YES;
				CLANG_ENABLE_OBJC_ARC = YES;
				CLANG_ENABLE_OBJC_WEAK = YES;
				CLANG_WARN_BLOCK_CAPTURE_AUTORELEASING = YES;
				CLANG_WARN_BOOL_CONVERSION = YES;
				CLANG_WARN_COMMA = YES;
				CLANG_WARN_CONSTANT_CONVERSION = YES;
				CLANG_WARN_DEPRECATED_OBJC_IMPLEMENTATIONS = YES;
				CLANG_WARN_DIRECT_OBJC_ISA_USAGE = YES_ERROR;
				CLANG_WARN_DOCUMENTATION_COMMENTS = YES;
				CLANG_WARN_EMPTY_BODY = YES;
				CLANG_WARN_ENUM_CONVERSION = YES;
				CLANG_WARN_INFINITE_RECURSION = YES;
				CLANG_WARN_INT_CONVERSION = YES;
				CLANG_WARN_NON_LITERAL_NULL_CONVERSION = YES;
				CLANG_WARN_OBJC_IMPLICIT_RETAIN_SELF = YES;
				CLANG_WARN_OBJC_LITERAL_CONVERSION = YES;
				CLANG_WARN_OBJC_ROOT_CLASS = YES_ERROR;
				CLANG_WARN_RANGE_LOOP_ANALYSIS = YES;
				CLANG_WARN_STRICT_PROTOTYPES = YES;
				CLANG_WARN_SUSPICIOUS_MOVE = YES;
				CLANG_WARN_UNGUARDED_AVAILABILITY = YES_AGGRESSIVE;
				CLANG_WARN_UNREACHABLE_CODE = YES;
				CLANG_WARN__DUPLICATE_METHOD_MATCH = YES;
				CODE_SIGN_IDENTITY = "iPhone Developer";
				COPY_PHASE_STRIP = NO;
				DEBUG_INFORMATION_FORMAT = dwarf;
				ENABLE_STRICT_OBJC_MSGSEND = YES;
				ENABLE_TESTABILITY = YES;
				GCC_C_LANGUAGE_STANDARD = gnu11;
				GCC_DYNAMIC_NO_PIC = NO;
				GCC_NO_COMMON_BLOCKS = YES;
				GCC_OPTIMIZATION_LEVEL = 0;
				GCC_PREPROCESSOR_DEFINITIONS = (
					"DEBUG=1",
					"$(inherited)",
				);
				GCC_WARN_64_TO_32_BIT_CONVERSION = YES;
				GCC_WARN_ABOUT_RETURN_TYPE = YES_ERROR;
				GCC_WARN_UNDECLARED_SELECTOR = YES;
				GCC_WARN_UNINITIALIZED_AUTOS = YES_AGGRESSIVE;
				GCC_WARN_UNUSED_FUNCTION = YES;
				GCC_WARN_UNUSED_VARIABLE = YES;
				IPHONEOS_DEPLOYMENT_TARGET = 12.2;
				MTL_ENABLE_DEBUG_INFO = INCLUDE_SOURCE;
				MTL_FAST_MATH = YES;
				ONLY_ACTIVE_ARCH = YES;
				SDKROOT = iphoneos;
				SWIFT_ACTIVE_COMPILATION_CONDITIONS = DEBUG;
				SWIFT_OPTIMIZATION_LEVEL = "-Onone";
			};
			name = Debug;
		};
		39E3A88E226E233C00C13070 /* Release */ = {
			isa = XCBuildConfiguration;
			buildSettings = {
				ALWAYS_SEARCH_USER_PATHS = NO;
				CLANG_ANALYZER_NONNULL = YES;
				CLANG_ANALYZER_NUMBER_OBJECT_CONVERSION = YES_AGGRESSIVE;
				CLANG_CXX_LANGUAGE_STANDARD = "gnu++14";
				CLANG_CXX_LIBRARY = "libc++";
				CLANG_ENABLE_MODULES = YES;
				CLANG_ENABLE_OBJC_ARC = YES;
				CLANG_ENABLE_OBJC_WEAK = YES;
				CLANG_WARN_BLOCK_CAPTURE_AUTORELEASING = YES;
				CLANG_WARN_BOOL_CONVERSION = YES;
				CLANG_WARN_COMMA = YES;
				CLANG_WARN_CONSTANT_CONVERSION = YES;
				CLANG_WARN_DEPRECATED_OBJC_IMPLEMENTATIONS = YES;
				CLANG_WARN_DIRECT_OBJC_ISA_USAGE = YES_ERROR;
				CLANG_WARN_DOCUMENTATION_COMMENTS = YES;
				CLANG_WARN_EMPTY_BODY = YES;
				CLANG_WARN_ENUM_CONVERSION = YES;
				CLANG_WARN_INFINITE_RECURSION = YES;
				CLANG_WARN_INT_CONVERSION = YES;
				CLANG_WARN_NON_LITERAL_NULL_CONVERSION = YES;
				CLANG_WARN_OBJC_IMPLICIT_RETAIN_SELF = YES;
				CLANG_WARN_OBJC_LITERAL_CONVERSION = YES;
				CLANG_WARN_OBJC_ROOT_CLASS = YES_ERROR;
				CLANG_WARN_RANGE_LOOP_ANALYSIS = YES;
				CLANG_WARN_STRICT_PROTOTYPES = YES;
				CLANG_WARN_SUSPICIOUS_MOVE = YES;
				CLANG_WARN_UNGUARDED_AVAILABILITY = YES_AGGRESSIVE;
				CLANG_WARN_UNREACHABLE_CODE = YES;
				CLANG_WARN__DUPLICATE_METHOD_MATCH = YES;
				CODE_SIGN_IDENTITY = "iPhone Developer";
				COPY_PHASE_STRIP = NO;
				DEBUG_INFORMATION_FORMAT = "dwarf-with-dsym";
				ENABLE_NS_ASSERTIONS = NO;
				ENABLE_STRICT_OBJC_MSGSEND = YES;
				GCC_C_LANGUAGE_STANDARD = gnu11;
				GCC_NO_COMMON_BLOCKS = YES;
				GCC_WARN_64_TO_32_BIT_CONVERSION = YES;
				GCC_WARN_ABOUT_RETURN_TYPE = YES_ERROR;
				GCC_WARN_UNDECLARED_SELECTOR = YES;
				GCC_WARN_UNINITIALIZED_AUTOS = YES_AGGRESSIVE;
				GCC_WARN_UNUSED_FUNCTION = YES;
				GCC_WARN_UNUSED_VARIABLE = YES;
				IPHONEOS_DEPLOYMENT_TARGET = 12.2;
				MTL_ENABLE_DEBUG_INFO = NO;
				MTL_FAST_MATH = YES;
				SDKROOT = iphoneos;
				SWIFT_COMPILATION_MODE = wholemodule;
				SWIFT_OPTIMIZATION_LEVEL = "-O";
				VALIDATE_PRODUCT = YES;
			};
			name = Release;
		};
		39E3A890226E233C00C13070 /* Debug */ = {
			isa = XCBuildConfiguration;
			buildSettings = {
				ASSETCATALOG_COMPILER_APPICON_NAME = AppIcon;
				CODE_SIGN_STYLE = Automatic;
				DEVELOPMENT_TEAM = 5ZRKC88876;
				INFOPLIST_FILE = "$(SRCROOT)/Places/Resources/Info.plist";
				LD_RUNPATH_SEARCH_PATHS = (
					"$(inherited)",
					"@executable_path/Frameworks",
				);
				PRODUCT_BUNDLE_IDENTIFIER = com.mosesrobinson.Places;
				PRODUCT_NAME = "$(TARGET_NAME)";
				SWIFT_VERSION = 5.0;
				TARGETED_DEVICE_FAMILY = "1,2";
			};
			name = Debug;
		};
		39E3A891226E233C00C13070 /* Release */ = {
			isa = XCBuildConfiguration;
			buildSettings = {
				ASSETCATALOG_COMPILER_APPICON_NAME = AppIcon;
				CODE_SIGN_STYLE = Automatic;
				DEVELOPMENT_TEAM = 5ZRKC88876;
				INFOPLIST_FILE = "$(SRCROOT)/Places/Resources/Info.plist";
				LD_RUNPATH_SEARCH_PATHS = (
					"$(inherited)",
					"@executable_path/Frameworks",
				);
				PRODUCT_BUNDLE_IDENTIFIER = com.mosesrobinson.Places;
				PRODUCT_NAME = "$(TARGET_NAME)";
				SWIFT_VERSION = 5.0;
				TARGETED_DEVICE_FAMILY = "1,2";
			};
			name = Release;
		};
/* End XCBuildConfiguration section */

/* Begin XCConfigurationList section */
		39E3A878226E233B00C13070 /* Build configuration list for PBXProject "Places" */ = {
			isa = XCConfigurationList;
			buildConfigurations = (
				39E3A88D226E233C00C13070 /* Debug */,
				39E3A88E226E233C00C13070 /* Release */,
			);
			defaultConfigurationIsVisible = 0;
			defaultConfigurationName = Release;
		};
		39E3A88F226E233C00C13070 /* Build configuration list for PBXNativeTarget "Places" */ = {
			isa = XCConfigurationList;
			buildConfigurations = (
				39E3A890226E233C00C13070 /* Debug */,
				39E3A891226E233C00C13070 /* Release */,
			);
			defaultConfigurationIsVisible = 0;
			defaultConfigurationName = Release;
		};
/* End XCConfigurationList section */
	};
	rootObject = 39E3A875226E233B00C13070 /* Project object */;
}
